
Microsoft Visual Studio Solution File, Format Version 12.00
# Visual Studio 15
VisualStudioVersion = 15.0.28307.1082
MinimumVisualStudioVersion = 10.0.40219.1
Project("{FAE04EC0-301F-11D3-BF4B-00C04F79EFBC}") = "ankoVoiceChanger", "ankoVoiceChanger\ankoVoiceChanger.csproj", "{C45A7B6E-7052-4E8A-931C-B12A88DAEA51}"
EndProject
Global
	GlobalSection(SolutionConfigurationPlatforms) = preSolution
		Debug|Any CPU = Debug|Any CPU
		Release|Any CPU = Release|Any CPU
	EndGlobalSection
	GlobalSection(ProjectConfigurationPlatforms) = postSolution
		{C45A7B6E-7052-4E8A-931C-B12A88DAEA51}.Debug|Any CPU.ActiveCfg = Debug|Any CPU
		{C45A7B6E-7052-4E8A-931C-B12A88DAEA51}.Debug|Any CPU.Build.0 = Debug|Any CPU
		{C45A7B6E-7052-4E8A-931C-B12A88DAEA51}.Release|Any CPU.ActiveCfg = Release|Any CPU
		{C45A7B6E-7052-4E8A-931C-B12A88DAEA51}.Release|Any CPU.Build.0 = Release|Any CPU
	EndGlobalSection
	GlobalSection(SolutionProperties) = preSolution
		HideSolutionNode = FALSE
	EndGlobalSection
	GlobalSection(ExtensibilityGlobals) = postSolution
		SolutionGuid = {26E8E534-4870-4CC7-981A-908E34837D2C}
	EndGlobalSection
EndGlobal
